
Microsoft Visual Studio Solution File, Format Version 12.00
# Visual Studio Version 17
VisualStudioVersion = 17.14.37216.2
MinimumVisualStudioVersion = 10.0.40219.1
Project("{FAE04EC0-301F-11D3-BF4B-00C04F79EFBC}") = "BankApp.Models", "BankApp.Models\BankApp.Models.csproj", "{787D4D90-ABA6-49FE-9BA7-A1B9F9DF9D9B}"
EndProject
Project("{FAE04EC0-301F-11D3-BF4B-00C04F79EFBC}") = "BankApp.Client", "BankApp.Client\BankApp.Client.csproj", "{F6376F3A-D849-4E93-90D2-530352BFB52E}"
EndProject
Project("{FAE04EC0-301F-11D3-BF4B-00C04F79EFBC}") = "BankApp.Server", "BankApp.Server\BankApp.Server.csproj", "{6412B73E-B0F9-1003-334A-A05D9558A198}"
EndProject
Project("{FAE04EC0-301F-11D3-BF4B-00C04F79EFBC}") = "BankApp.Client.Tests", "BankApp.Client.Tests\BankApp.Client.Tests.csproj", "{D77F7E6E-E8BF-4E7B-9D67-BA21CFA23522}"
EndProject
Project("{FAE04EC0-301F-11D3-BF4B-00C04F79EFBC}") = "BankApp.Client.Shared", "BankApp.Client.Shared\BankApp.Client.Shared.csproj", "{C304D2EE-1B87-467A-AFE6-4CB3E3A6B89D}"
EndProject
Global
	GlobalSection(SolutionConfigurationPlatforms) = preSolution
		Debug|Any CPU = Debug|Any CPU
		Release|Any CPU = Release|Any CPU
	EndGlobalSection
	GlobalSection(ProjectConfigurationPlatforms) = postSolution
		{787D4D90-ABA6-49FE-9BA7-A1B9F9DF9D9B}.Debug|Any CPU.ActiveCfg = Debug|Any CPU
		{787D4D90-ABA6-49FE-9BA7-A1B9F9DF9D9B}.Debug|Any CPU.Build.0 = Debug|Any CPU
		{787D4D90-ABA6-49FE-9BA7-A1B9F9DF9D9B}.Release|Any CPU.ActiveCfg = Release|Any CPU
		{787D4D90-ABA6-49FE-9BA7-A1B9F9DF9D9B}.Release|Any CPU.Build.0 = Release|Any CPU
		{F6376F3A-D849-4E93-90D2-530352BFB52E}.Debug|Any CPU.ActiveCfg = Debug|x64
		{F6376F3A-D849-4E93-90D2-530352BFB52E}.Debug|Any CPU.Build.0 = Debug|x64
		{F6376F3A-D849-4E93-90D2-530352BFB52E}.Debug|Any CPU.Deploy.0 = Debug|x64
		{F6376F3A-D849-4E93-90D2-530352BFB52E}.Release|Any CPU.ActiveCfg = Release|x64
		{F6376F3A-D849-4E93-90D2-530352BFB52E}.Release|Any CPU.Build.0 = Release|x64
		{F6376F3A-D849-4E93-90D2-530352BFB52E}.Release|Any CPU.Deploy.0 = Release|x64
		{6412B73E-B0F9-1003-334A-A05D9558A198}.Debug|Any CPU.ActiveCfg = Debug|Any CPU
		{6412B73E-B0F9-1003-334A-A05D9558A198}.Debug|Any CPU.Build.0 = Debug|Any CPU
		{6412B73E-B0F9-1003-334A-A05D9558A198}.Release|Any CPU.ActiveCfg = Release|Any CPU
		{6412B73E-B0F9-1003-334A-A05D9558A198}.Release|Any CPU.Build.0 = Release|Any CPU
		{D77F7E6E-E8BF-4E7B-9D67-BA21CFA23522}.Debug|Any CPU.ActiveCfg = Debug|Any CPU
		{D77F7E6E-E8BF-4E7B-9D67-BA21CFA23522}.Debug|Any CPU.Build.0 = Debug|Any CPU
		{D77F7E6E-E8BF-4E7B-9D67-BA21CFA23522}.Release|Any CPU.ActiveCfg = Release|Any CPU
		{D77F7E6E-E8BF-4E7B-9D67-BA21CFA23522}.Release|Any CPU.Build.0 = Release|Any CPU
		{C304D2EE-1B87-467A-AFE6-4CB3E3A6B89D}.Debug|Any CPU.ActiveCfg = Debug|Any CPU
		{C304D2EE-1B87-467A-AFE6-4CB3E3A6B89D}.Debug|Any CPU.Build.0 = Debug|Any CPU
		{C304D2EE-1B87-467A-AFE6-4CB3E3A6B89D}.Release|Any CPU.ActiveCfg = Release|Any CPU
		{C304D2EE-1B87-467A-AFE6-4CB3E3A6B89D}.Release|Any CPU.Build.0 = Release|Any CPU
	EndGlobalSection
	GlobalSection(SolutionProperties) = preSolution
		HideSolutionNode = FALSE
	EndGlobalSection
	GlobalSection(ExtensibilityGlobals) = postSolution
		SolutionGuid = {E41382B2-50FB-4BEF-84CF-67411C3E50EC}
	EndGlobalSection
EndGlobal
